{
  "version": 4,
  "terraform_version": "1.5.6",
  "serial": 16,
  "lineage": "71a5ff6e-e750-469e-6dc4-e60a429ad549",
  "outputs": {},
  "resources": [
    {
      "module": "module.firefly-auth",
      "mode": "data",
      "type": "terracurl_request",
      "name": "firefly_login",
      "provider": "provider[\"registry.terraform.io/devops-rob/terracurl\"]",
      "instances": [
        {
          "schema_version": 0,
          "attributes": {
            "headers": {
              "Content-Type": "application/json"
            },
            "id": "firefly_aws_integration",
            "method": "POST",
            "name": "firefly_aws_integration",
            "request_body": "{\"accessKey\":\"INFLWQJWFAVUBZKZQIMZ\",\"secretKey\":\"B0wtxyWFbFvp3RG9Gq8FmeAUQzPcLQfgCuxlWoJsWkxpc1nA94J9VDeEl1muCciB\"}",
            "response": "{\"access_token\":\"eyJhbGciOiJSUzI1NiIsInR5cCI6IkpXVCIsImtpZCI6InZUZFVCWEk0VG03UkxqTk51UkpPeCJ9.eyJodHRwczovL2luZnJhbGlnaHQuY28vYWNjb3VudF9pZCI6IjY0ZjYwMDQzNjdmODg5MzcxYmQ5ZGI1YiIsImh0dHBzOi8vaW5mcmFsaWdodC5jby9lbWFpbCI6ImluZmx3cWp3ZmF2dWJ6a3pxaW16QGluZnJhbGlnaHQuY28iLCJodHRwczovL2luZnJhbGlnaHQuY28vbmFtZSI6IklORkxXUUpXRkFWVUJaS1pRSU1aIiwiaHR0cHM6Ly9pbmZyYWxpZ2h0LmNvL3JvbGVzIjpbXSwiaHR0cHM6Ly9pbmZyYWxpZ2h0LmNvL2Nvbm5lY3Rpb24iOiJBY2Nlc3NLZXktU2VjcmV0S2V5LUNvbm5lY3Rpb24iLCJpc3MiOiJodHRwczovL2F1dGguZmlyZWZseS5haS8iLCJzdWIiOiJhdXRoMHw2NGY2MDk1YzIxOWM3MDM0YjA5ZDk2ZTUiLCJhdWQiOiJpbmZyYWxpZ2h0LWFwaSIsImlhdCI6MTY5Mzg0ODU5NSwiZXhwIjoxNjkzOTM0OTk1LCJhenAiOiJnRDl0N3ZHcWZ1NVozQlg3SmdyNkhlSm9RamZySDlORyIsImd0eSI6InBhc3N3b3JkIn0.wHgC18Qfklkz1d8GHZanFvz8ELCuCYGv0PNGE_22qc5EKqgtyM9ITfI5X_-d7-Ff93Tg5B6MY8eD8Pl3wQuu6pOeF70RxM5PLfN5hy5Xn7q9UdUO4-JnstLtP6qOlFyOV0XpZ2lhs__VQQv84T0LTNn5_AvNdNAmJOA7gUddBP9-FaJIsnRjrA2aWUzvfENk4nbQ2D-9hdsT9DrresuKqYyW97zmHIT7ahtMTNBX0n2Xg2GcW8Qf-ERSy3DXNph5LIKcg5DjV5UotBuafwo0aS41DyL65xGaPxEMIsA64UEuk-XltYeQ9azGBiw3I4y5hypJgBCZ2ikBf4JslHkN3w\",\"expires_in\":86400,\"token_type\":\"Bearer\"}",
            "url": "https://prodapi.gofirefly.io/api/account/access_keys/login"
          },
          "sensitive_attributes": []
        }
      ]
    },
    {
      "module": "module.firefly.module.firefly_aws_integration[0]",
      "mode": "data",
      "type": "aws_caller_identity",
      "name": "current",
      "provider": "module.firefly.provider[\"registry.terraform.io/hashicorp/aws\"].us_east_1",
      "instances": [
        {
          "schema_version": 0,
          "attributes": {
            "account_id": "841800532843",
            "arn": "arn:aws:iam::841800532843:user/reschouw",
            "id": "841800532843",
            "user_id": "AIDA4H7ZYYNV6HYANC4QC"
          },
          "sensitive_attributes": []
        }
      ]
    },
    {
      "module": "module.firefly.module.firefly_aws_integration[0]",
      "mode": "managed",
      "type": "aws_iam_policy",
      "name": "firefly_readonly_policy_deny_list",
      "provider": "module.firefly.provider[\"registry.terraform.io/hashicorp/aws\"].us_east_1",
      "instances": [
        {
          "schema_version": 0,
          "attributes": {
            "arn": "arn:aws:iam::841800532843:policy/FireflyReadonlyPolicyDenyList",
            "description": "Read only permission for the cloud configuration - Deny List",
            "id": "arn:aws:iam::841800532843:policy/FireflyReadonlyPolicyDenyList",
            "name": "FireflyReadonlyPolicyDenyList",
            "name_prefix": "",
            "path": "/",
            "policy": "{\"Statement\":[{\"Action\":[\"acm-pca:DescribeCertificateAuthorityAuditReport\",\"athena:BatchGetQueryExecution\",\"athena:GetQueryExecution\",\"athena:GetQueryResults\",\"athena:GetQueryResultsStream\",\"athena:ListQueryExecutions\",\"auditmanager:*\",\"braket:Search*\",\"cassandra:*\",\"chime:GetApp*\",\"chime:ListChannel*\",\"chime:ListChannels*\",\"chime:DescribeChannel*\",\"chime:ListApp*\",\"chime:DescribeApp*\",\"chime:GetUser*\",\"chime:ListMeeting*\",\"chime:ListMeetings*\",\"chime:GetMeeting\",\"chime:GetChannel*\",\"chime:ListGroups\",\"chime:GetPhoneNumber\",\"chime:GetSipMedia*\",\"chime:GetAccount*\",\"chime:ListDirectories\",\"chime:ListDomains\",\"chime:GetMessagingSessionEndpoint\",\"chime:ListUsers\",\"chime:GetProxySession\",\"chime:GetGlobalSettings\",\"chime:GetEventsConfiguration\",\"chime:ListAccountUsageReportData\",\"chime:ListProxySessions\",\"chime:ListAccounts\",\"chime:ListCDRBucket\",\"chime:ListCallingRegions\",\"chime:ListSipRules\",\"chime:ListAttendeeTags\",\"chime:ListSupportedPhoneNumberCountries\",\"chime:GetCDRBucket\",\"chime:GetAttendee\",\"chime:ListPhoneNumbers\",\"chime:RetrieveDataExports\",\"chime:ListAttendees\",\"chime:ListApiKeys\",\"chime:GetMediaCapturePipeline\",\"chime:SearchAvailablePhoneNumbers\",\"chime:GetTelephonyLimits\",\"chime:ListBots\",\"chime:GetRoom\",\"chime:ListMediaCapturePipelines\",\"chime:ListPhoneNumberOrders\",\"chime:GetSipRule\",\"chime:GetPhoneNumberOrder\",\"chime:GetBot\",\"chime:ValidateAccountResource\",\"chime:ListRooms\",\"chime:GetDomain\",\"chime:ListDelegates\",\"chime:GetRetentionSettings\",\"chime:ListSipMediaApplications\",\"chime:GetPhoneNumberSettings\",\"chime:ListRoomMemberships\",\"codestar:Verify*\",\"cognito-sync:QueryRecords\",\"datapipeline:EvaluateExpression\",\"datapipeline:QueryObjects\",\"datapipeline:Validate*\",\"dax:BatchGetItem\",\"dax:GetItem\",\"dax:Query\",\"dax:Scan\",\"detective:SearchGraph\",\"dms:Test*\",\"ds:Check*\",\"ds:Verify*\",\"ds:DescribeCertificate\",\"ds:ListCertificates\",\"elastictranscoder:ListJobsByPipeline\",\"elastictranscoder:ListJobsByStatus\",\"kinesisvideo:GetClip\",\"kinesisvideo:GetDASHStreamingSessionURL\",\"kinesisvideo:GetHLSStreamingSessionURL\",\"lakeformation:GetTableObjects\",\"lakeformation:GetWorkUnitResults\",\"lakeformation:GetWorkUnits\",\"license-manager:GetAccessToken\",\"license-manager:GetGrant\",\"license-manager:ListTokens\",\"lightsail:GetContainerAPIMetadata\",\"lightsail:GetContainerImages\",\"lightsail:GetContainerLog\",\"lightsail:GetDiskSnapshot\",\"lightsail:GetDiskSnapshots\",\"lightsail:GetDistributionLatestCacheReset\",\"lightsail:GetDistributionMetricData\",\"lightsail:GetExportSnapshotRecords\",\"lightsail:GetInstanceAccessDetails\",\"lightsail:GetLoadBalancerMetricData\",\"lightsail:GetRelationalDatabaseEvents\",\"lightsail:GetRelationalDatabaseLogEvents\",\"lightsail:GetRelationalDatabaseMetricData\",\"lightsail:GetRelationalDatabaseSnapshot\",\"lightsail:GetRelationalDatabaseSnapshots\",\"logs:DescribeExportTasks\",\"logs:DescribeQueries\",\"logs:GetLogEvents\",\"logs:GetLogRecord\",\"logs:GetQueryResults\",\"macie2:GetFindings\",\"macie2:GetMacieSession\",\"macie2:GetUsageStatistics\",\"macie2:GetUsageTotals\",\"macie2:ListFindings\",\"polly:SynthesizeSpeech\",\"rekognition:CompareFaces\",\"wafv2:CheckCapacity\",\"workdocs:CheckAlias\",\"workmail:Search*\",\"cognito-identity:GetCredentialsForIdentity\",\"cognito-identity:GetIdentityPoolRoles\",\"cognito-identity:GetOpenId*\",\"cognito-idp:GetSigningCertificate\",\"connect:GetFederationToken\",\"secretsmanager:GetRandomPassword\",\"secretsmanager:GetSecretValue\",\"consolidatedbilling:*\",\"freetier:*\",\"invoicing:*\",\"payments:*\"],\"Effect\":\"Deny\",\"Resource\":\"*\"}],\"Version\":\"2012-10-17\"}",
            "policy_id": "ANPA4H7ZYYNVU7FDP7OKB",
            "tags": null,
            "tags_all": {}
          },
          "sensitive_attributes": [],
          "private": "bnVsbA=="
        }
      ]
    },
    {
      "module": "module.firefly.module.firefly_aws_integration[0]",
      "mode": "managed",
      "type": "aws_iam_policy",
      "name": "firefly_s3_specific_permission",
      "provider": "module.firefly.provider[\"registry.terraform.io/hashicorp/aws\"].us_east_1",
      "instances": [
        {
          "schema_version": 0,
          "attributes": {
            "arn": "arn:aws:iam::841800532843:policy/S3SpecificReadPermission",
            "description": "Read only permission for the Specific S3 Buckets",
            "id": "arn:aws:iam::841800532843:policy/S3SpecificReadPermission",
            "name": "S3SpecificReadPermission",
            "name_prefix": "",
            "path": "/",
            "policy": "{\"Statement\":[{\"Action\":[\"kms:Decrypt\"],\"Effect\":\"Allow\",\"Resource\":\"arn:aws:kms:*:841800532843:key/*\"},{\"Action\":[\"s3:GetObject\"],\"Effect\":\"Deny\",\"NotResource\":[\"arn:aws:s3:::*/*tfstate\",\"arn:aws:s3:::elasticbeanstalk*/*\",\"arn:aws:s3:::aws-emr-resources*/*\",\"arn:aws:s3:::*/841800532843*ConfigSnapshot*.json.gz\"]},{\"Action\":[\"s3:PutBucketNotification\"],\"Effect\":\"Allow\",\"NotResource\":\"arn:aws:s3:::*\"}],\"Version\":\"2012-10-17\"}",
            "policy_id": "ANPA4H7ZYYNVSAGZ7VVRY",
            "tags": null,
            "tags_all": {}
          },
          "sensitive_attributes": [],
          "private": "bnVsbA==",
          "dependencies": [
            "module.firefly.module.firefly_aws_integration.data.aws_caller_identity.current"
          ]
        }
      ]
    },
    {
      "module": "module.firefly.module.firefly_aws_integration[0]",
      "mode": "managed",
      "type": "aws_iam_role",
      "name": "firefly_cross_account_access_role",
      "provider": "module.firefly.provider[\"registry.terraform.io/hashicorp/aws\"].us_east_1",
      "instances": [
        {
          "schema_version": 0,
          "attributes": {
            "arn": "arn:aws:iam::841800532843:role/firefly-caa-role",
            "assume_role_policy": "{\"Statement\":[{\"Action\":\"sts:AssumeRole\",\"Condition\":{\"StringEquals\":{\"sts:ExternalId\":\"MC42MjE0Njc3NzY4NzQ1MTI\"}},\"Effect\":\"Allow\",\"Principal\":{\"AWS\":\"arn:aws:iam::094724549126:root\"}}],\"Version\":\"2012-10-17\"}",
            "create_date": "2023-09-04T17:30:17Z",
            "description": "",
            "force_detach_policies": false,
            "id": "firefly-caa-role",
            "inline_policy": [],
            "managed_policy_arns": [],
            "max_session_duration": 3600,
            "name": "firefly-caa-role",
            "name_prefix": "",
            "path": "/",
            "permissions_boundary": null,
            "tags": null,
            "tags_all": {},
            "unique_id": "AROA4H7ZYYNVZSPR5CP4V"
          },
          "sensitive_attributes": [],
          "private": "bnVsbA=="
        }
      ]
    },
    {
      "module": "module.firefly.module.firefly_aws_integration[0]",
      "mode": "managed",
      "type": "aws_iam_role_policy_attachment",
      "name": "firefly_readonly_access",
      "provider": "module.firefly.provider[\"registry.terraform.io/hashicorp/aws\"].us_east_1",
      "instances": [
        {
          "schema_version": 0,
          "attributes": {
            "id": "firefly-caa-role-20230904173018347700000003",
            "policy_arn": "arn:aws:iam::aws:policy/ReadOnlyAccess",
            "role": "firefly-caa-role"
          },
          "sensitive_attributes": [],
          "private": "bnVsbA==",
          "dependencies": [
            "module.firefly.module.firefly_aws_integration.aws_iam_role.firefly_cross_account_access_role"
          ]
        }
      ]
    },
    {
      "module": "module.firefly.module.firefly_aws_integration[0]",
      "mode": "managed",
      "type": "aws_iam_role_policy_attachment",
      "name": "firefly_readonly_policy_deny_list",
      "provider": "module.firefly.provider[\"registry.terraform.io/hashicorp/aws\"].us_east_1",
      "instances": [
        {
          "schema_version": 0,
          "attributes": {
            "id": "firefly-caa-role-20230904173018297700000001",
            "policy_arn": "arn:aws:iam::841800532843:policy/FireflyReadonlyPolicyDenyList",
            "role": "firefly-caa-role"
          },
          "sensitive_attributes": [],
          "private": "bnVsbA==",
          "dependencies": [
            "module.firefly.module.firefly_aws_integration.aws_iam_policy.firefly_readonly_policy_deny_list",
            "module.firefly.module.firefly_aws_integration.aws_iam_role.firefly_cross_account_access_role"
          ]
        }
      ]
    },
    {
      "module": "module.firefly.module.firefly_aws_integration[0]",
      "mode": "managed",
      "type": "aws_iam_role_policy_attachment",
      "name": "firefly_s3_specific_permission",
      "provider": "module.firefly.provider[\"registry.terraform.io/hashicorp/aws\"].us_east_1",
      "instances": [
        {
          "schema_version": 0,
          "attributes": {
            "id": "firefly-caa-role-20230904173018466000000004",
            "policy_arn": "arn:aws:iam::841800532843:policy/S3SpecificReadPermission",
            "role": "firefly-caa-role"
          },
          "sensitive_attributes": [],
          "private": "bnVsbA==",
          "dependencies": [
            "module.firefly.module.firefly_aws_integration.aws_iam_policy.firefly_s3_specific_permission",
            "module.firefly.module.firefly_aws_integration.aws_iam_role.firefly_cross_account_access_role",
            "module.firefly.module.firefly_aws_integration.data.aws_caller_identity.current"
          ]
        }
      ]
    },
    {
      "module": "module.firefly.module.firefly_aws_integration[0]",
      "mode": "managed",
      "type": "aws_iam_role_policy_attachment",
      "name": "firefly_security_audit",
      "provider": "module.firefly.provider[\"registry.terraform.io/hashicorp/aws\"].us_east_1",
      "instances": [
        {
          "schema_version": 0,
          "attributes": {
            "id": "firefly-caa-role-20230904173018324000000002",
            "policy_arn": "arn:aws:iam::aws:policy/SecurityAudit",
            "role": "firefly-caa-role"
          },
          "sensitive_attributes": [],
          "private": "bnVsbA==",
          "dependencies": [
            "module.firefly.module.firefly_aws_integration.aws_iam_role.firefly_cross_account_access_role"
          ]
        }
      ]
    },
    {
      "module": "module.firefly.module.firefly_aws_integration[0]",
      "mode": "managed",
      "type": "terracurl_request",
      "name": "firefly_aws_integration_request",
      "provider": "provider[\"registry.terraform.io/devops-rob/terracurl\"]",
      "instances": [
        {
          "schema_version": 0,
          "attributes": {
            "destroy_headers": null,
            "destroy_method": "GET",
            "destroy_request_body": "",
            "destroy_response_codes": [
              "200"
            ],
            "destroy_url": "https://www.google.com",
            "headers": {
              "Authorization": "Bearer eyJhbGciOiJSUzI1NiIsInR5cCI6IkpXVCIsImtpZCI6InZUZFVCWEk0VG03UkxqTk51UkpPeCJ9.eyJodHRwczovL2luZnJhbGlnaHQuY28vYWNjb3VudF9pZCI6IjY0ZjYwMDQzNjdmODg5MzcxYmQ5ZGI1YiIsImh0dHBzOi8vaW5mcmFsaWdodC5jby9lbWFpbCI6ImluZmx3cWp3ZmF2dWJ6a3pxaW16QGluZnJhbGlnaHQuY28iLCJodHRwczovL2luZnJhbGlnaHQuY28vbmFtZSI6IklORkxXUUpXRkFWVUJaS1pRSU1aIiwiaHR0cHM6Ly9pbmZyYWxpZ2h0LmNvL3JvbGVzIjpbXSwiaHR0cHM6Ly9pbmZyYWxpZ2h0LmNvL2Nvbm5lY3Rpb24iOiJBY2Nlc3NLZXktU2VjcmV0S2V5LUNvbm5lY3Rpb24iLCJpc3MiOiJodHRwczovL2F1dGguZmlyZWZseS5haS8iLCJzdWIiOiJhdXRoMHw2NGY2MDk1YzIxOWM3MDM0YjA5ZDk2ZTUiLCJhdWQiOiJpbmZyYWxpZ2h0LWFwaSIsImlhdCI6MTY5Mzg0ODU5NSwiZXhwIjoxNjkzOTM0OTk1LCJhenAiOiJnRDl0N3ZHcWZ1NVozQlg3SmdyNkhlSm9RamZySDlORyIsImd0eSI6InBhc3N3b3JkIn0.wHgC18Qfklkz1d8GHZanFvz8ELCuCYGv0PNGE_22qc5EKqgtyM9ITfI5X_-d7-Ff93Tg5B6MY8eD8Pl3wQuu6pOeF70RxM5PLfN5hy5Xn7q9UdUO4-JnstLtP6qOlFyOV0XpZ2lhs__VQQv84T0LTNn5_AvNdNAmJOA7gUddBP9-FaJIsnRjrA2aWUzvfENk4nbQ2D-9hdsT9DrresuKqYyW97zmHIT7ahtMTNBX0n2Xg2GcW8Qf-ERSy3DXNph5LIKcg5DjV5UotBuafwo0aS41DyL65xGaPxEMIsA64UEuk-XltYeQ9azGBiw3I4y5hypJgBCZ2ikBf4JslHkN3w",
              "Content-Type": "application/json"
            },
            "id": "firefly aws provider integration",
            "method": "POST",
            "name": "firefly aws provider integration",
            "request_body": "{\"eventDrivenRegions\":[\"us-east-1\",\"us-east-2\",\"us-west-1\",\"us-west-2\",\"af-south-1\",\"ap-east-1\",\"ap-south-1\",\"ap-southeast-1\",\"ap-southeast-2\",\"ap-northeast-1\",\"ap-northeast-2\",\"ap-northeast-3\",\"ca-central-1\",\"cn-north-1\",\"cn-northwest-1\",\"eu-central-1\",\"eu-west-1\",\"eu-west-2\",\"eu-west-3\",\"eu-south-1\",\"eu-north-1\",\"me-south-1\",\"sa-east-1\"],\"externalId\":\"MC42MjE0Njc3NzY4NzQ1MTI\",\"fullScanEnabled\":true,\"isEventDriven\":true,\"isProd\":false,\"name\":\"AWS\",\"roleArn\":\"arn:aws:iam::841800532843:role/firefly-caa-role\",\"shouldRunWorkflow\":true}",
            "response": "{\"integration\":{\"accountId\":\"64f6004367f889371bd9db5b\",\"isDeleted\":false,\"fetchable\":true,\"isProd\":false,\"roleArn\":\"arn:aws:iam::841800532843:role/firefly-caa-role\",\"externalId\":\"MC42MjE0Njc3NzY4NzQ1MTI\",\"name\":\"AWS\",\"accountNumber\":\"841800532843\",\"roleName\":\"role/firefly-caa-role\",\"alias\":\"dorwinia\",\"fullScanEnabled\":true,\"redactorArn\":\"\",\"lowFrequentRegions\":[],\"initialScan\":false,\"isEventDriven\":false,\"excludedEventDrivenContexts\":[],\"eventDrivenInstallationStatus\":\"IN_PROGRESS\",\"eventDrivenRegions\":[\"us-east-1\",\"us-east-2\",\"us-west-1\",\"us-west-2\",\"af-south-1\",\"ap-east-1\",\"ap-south-1\",\"ap-southeast-1\",\"ap-southeast-2\",\"ap-northeast-1\",\"ap-northeast-2\",\"ap-northeast-3\",\"ca-central-1\",\"cn-north-1\",\"cn-northwest-1\",\"eu-central-1\",\"eu-west-1\",\"eu-west-2\",\"eu-west-3\",\"eu-south-1\",\"eu-north-1\",\"me-south-1\",\"sa-east-1\"],\"configServiceInstalledRegions\":[],\"useConfigService\":false,\"dailyFetch\":false,\"lastCycleTriggeredAt\":\"2000-08-06T00:00:00.000Z\",\"_id\":\"64f614341be7d14aec81811f\",\"createdAt\":\"2023-09-04T17:30:28.720Z\",\"updatedAt\":\"2023-09-04T17:30:28.720Z\",\"__v\":0}}",
            "response_codes": [
              "200",
              "409"
            ],
            "url": "https://prodapi.gofirefly.io/api/integrations/aws/"
          },
          "sensitive_attributes": [],
          "private": "bnVsbA==",
          "dependencies": [
            "module.firefly-auth.data.terracurl_request.firefly_login",
            "module.firefly.module.firefly_auth.data.terracurl_request.firefly_login",
            "module.firefly.module.firefly_aws_integration.aws_iam_policy.firefly_readonly_policy_deny_list",
            "module.firefly.module.firefly_aws_integration.aws_iam_policy.firefly_s3_specific_permission",
            "module.firefly.module.firefly_aws_integration.aws_iam_role.firefly_cross_account_access_role",
            "module.firefly.module.firefly_aws_integration.data.aws_caller_identity.current",
            "module.firefly.module.firefly_aws_integration.time_sleep.wait_10_seconds"
          ]
        }
      ]
    },
    {
      "module": "module.firefly.module.firefly_aws_integration[0]",
      "mode": "managed",
      "type": "time_sleep",
      "name": "wait_10_seconds",
      "provider": "provider[\"registry.terraform.io/hashicorp/time\"]",
      "instances": [
        {
          "schema_version": 0,
          "attributes": {
            "create_duration": "10s",
            "destroy_duration": null,
            "id": "2023-09-04T17:30:28Z",
            "triggers": null
          },
          "sensitive_attributes": [],
          "dependencies": [
            "module.firefly.module.firefly_aws_integration.aws_iam_policy.firefly_readonly_policy_deny_list",
            "module.firefly.module.firefly_aws_integration.aws_iam_policy.firefly_s3_specific_permission",
            "module.firefly.module.firefly_aws_integration.aws_iam_role.firefly_cross_account_access_role",
            "module.firefly.module.firefly_aws_integration.data.aws_caller_identity.current"
          ]
        }
      ]
    },
    {
      "module": "module.firefly.module.firefly_eventbridge_permissions[0]",
      "mode": "data",
      "type": "aws_caller_identity",
      "name": "current",
      "provider": "module.firefly.provider[\"registry.terraform.io/hashicorp/aws\"].us_east_1",
      "instances": [
        {
          "schema_version": 0,
          "attributes": {
            "account_id": "841800532843",
            "arn": "arn:aws:iam::841800532843:user/reschouw",
            "id": "841800532843",
            "user_id": "AIDA4H7ZYYNV6HYANC4QC"
          },
          "sensitive_attributes": []
        }
      ]
    },
    {
      "module": "module.firefly.module.firefly_eventbridge_permissions[0]",
      "mode": "managed",
      "type": "aws_iam_policy",
      "name": "firefly_eventbridge_permission",
      "provider": "module.firefly.provider[\"registry.terraform.io/hashicorp/aws\"].us_east_1",
      "instances": [
        {
          "schema_version": 0,
          "attributes": {
            "arn": "arn:aws:iam::841800532843:policy/fireflyEventDrivenRulesPermission",
            "description": "permission to put eventbridge rules",
            "id": "arn:aws:iam::841800532843:policy/fireflyEventDrivenRulesPermission",
            "name": "fireflyEventDrivenRulesPermission",
            "name_prefix": "",
            "path": "/",
            "policy": "{\"Statement\":[{\"Action\":[\"events:*\"],\"Effect\":\"Allow\",\"Resource\":\"arn:aws:events:*:841800532843:rule/firefly-events-*\"},{\"Action\":[\"iam:PassRole\"],\"Condition\":{\"StringEquals\":{\"iam:PassedToService\":\"events.amazonaws.com\"}},\"Effect\":\"Allow\",\"Resource\":\"arn:aws:iam::841800532843:role/invoke-firefly-remote-event-bus\"}],\"Version\":\"2012-10-17\"}",
            "policy_id": "ANPA4H7ZYYNVV44SW2OB4",
            "tags": null,
            "tags_all": {}
          },
          "sensitive_attributes": [],
          "private": "bnVsbA==",
          "dependencies": [
            "module.firefly-auth.data.terracurl_request.firefly_login",
            "module.firefly.module.firefly_auth.data.terracurl_request.firefly_login",
            "module.firefly.module.firefly_aws_integration.aws_iam_policy.firefly_readonly_policy_deny_list",
            "module.firefly.module.firefly_aws_integration.aws_iam_policy.firefly_s3_specific_permission",
            "module.firefly.module.firefly_aws_integration.aws_iam_role.firefly_cross_account_access_role",
            "module.firefly.module.firefly_aws_integration.aws_iam_role_policy_attachment.firefly_readonly_access",
            "module.firefly.module.firefly_aws_integration.aws_iam_role_policy_attachment.firefly_readonly_policy_deny_list",
            "module.firefly.module.firefly_aws_integration.aws_iam_role_policy_attachment.firefly_s3_specific_permission",
            "module.firefly.module.firefly_aws_integration.aws_iam_role_policy_attachment.firefly_security_audit",
            "module.firefly.module.firefly_aws_integration.data.aws_caller_identity.current",
            "module.firefly.module.firefly_aws_integration.terracurl_request.firefly_aws_integration_request",
            "module.firefly.module.firefly_aws_integration.time_sleep.wait_10_seconds",
            "module.firefly.module.firefly_eventbridge_permissions.data.aws_caller_identity.current",
            "module.firefly.module.invoke_firefly_permissions.aws_iam_policy.invoke_firefly_event_bus",
            "module.firefly.module.invoke_firefly_permissions.aws_iam_role.invoke_firefly_event_bus",
            "module.firefly.module.invoke_firefly_permissions.aws_iam_role_policy_attachment.invoke_firefly_event_bus"
          ]
        }
      ]
    },
    {
      "module": "module.firefly.module.firefly_eventbridge_permissions[0]",
      "mode": "managed",
      "type": "aws_iam_role_policy_attachment",
      "name": "firefly_eventbridge_permissions",
      "provider": "module.firefly.provider[\"registry.terraform.io/hashicorp/aws\"].us_east_1",
      "instances": [
        {
          "schema_version": 0,
          "attributes": {
            "id": "firefly-caa-role-20230904173032738400000006",
            "policy_arn": "arn:aws:iam::841800532843:policy/fireflyEventDrivenRulesPermission",
            "role": "firefly-caa-role"
          },
          "sensitive_attributes": [],
          "private": "bnVsbA==",
          "dependencies": [
            "module.firefly-auth.data.terracurl_request.firefly_login",
            "module.firefly.module.firefly_auth.data.terracurl_request.firefly_login",
            "module.firefly.module.firefly_aws_integration.aws_iam_policy.firefly_readonly_policy_deny_list",
            "module.firefly.module.firefly_aws_integration.aws_iam_policy.firefly_s3_specific_permission",
            "module.firefly.module.firefly_aws_integration.aws_iam_role.firefly_cross_account_access_role",
            "module.firefly.module.firefly_aws_integration.aws_iam_role_policy_attachment.firefly_readonly_access",
            "module.firefly.module.firefly_aws_integration.aws_iam_role_policy_attachment.firefly_readonly_policy_deny_list",
            "module.firefly.module.firefly_aws_integration.aws_iam_role_policy_attachment.firefly_s3_specific_permission",
            "module.firefly.module.firefly_aws_integration.aws_iam_role_policy_attachment.firefly_security_audit",
            "module.firefly.module.firefly_aws_integration.data.aws_caller_identity.current",
            "module.firefly.module.firefly_aws_integration.terracurl_request.firefly_aws_integration_request",
            "module.firefly.module.firefly_aws_integration.time_sleep.wait_10_seconds",
            "module.firefly.module.firefly_eventbridge_permissions.aws_iam_policy.firefly_eventbridge_permission",
            "module.firefly.module.firefly_eventbridge_permissions.data.aws_caller_identity.current",
            "module.firefly.module.invoke_firefly_permissions.aws_iam_policy.invoke_firefly_event_bus",
            "module.firefly.module.invoke_firefly_permissions.aws_iam_role.invoke_firefly_event_bus",
            "module.firefly.module.invoke_firefly_permissions.aws_iam_role_policy_attachment.invoke_firefly_event_bus"
          ]
        }
      ]
    },
    {
      "module": "module.firefly.module.invoke_firefly_permissions[0]",
      "mode": "managed",
      "type": "aws_iam_policy",
      "name": "invoke_firefly_event_bus",
      "provider": "module.firefly.provider[\"registry.terraform.io/hashicorp/aws\"].us_east_1",
      "instances": [
        {
          "schema_version": 0,
          "attributes": {
            "arn": "arn:aws:iam::841800532843:policy/invoke-firefly-remote-event-bus",
            "description": "",
            "id": "arn:aws:iam::841800532843:policy/invoke-firefly-remote-event-bus",
            "name": "invoke-firefly-remote-event-bus",
            "name_prefix": "",
            "path": "/",
            "policy": "{\"Statement\":[{\"Action\":[\"events:PutEvents\"],\"Effect\":\"Allow\",\"Resource\":\"arn:aws:events:us-east-1:094724549126:event-bus/prod-stablefly-event-bus\"}],\"Version\":\"2012-10-17\"}",
            "policy_id": "ANPA4H7ZYYNVWWJPKSSIQ",
            "tags": null,
            "tags_all": {}
          },
          "sensitive_attributes": [],
          "private": "bnVsbA==",
          "dependencies": [
            "module.firefly-auth.data.terracurl_request.firefly_login",
            "module.firefly.module.firefly_auth.data.terracurl_request.firefly_login",
            "module.firefly.module.firefly_aws_integration.aws_iam_policy.firefly_readonly_policy_deny_list",
            "module.firefly.module.firefly_aws_integration.aws_iam_policy.firefly_s3_specific_permission",
            "module.firefly.module.firefly_aws_integration.aws_iam_role.firefly_cross_account_access_role",
            "module.firefly.module.firefly_aws_integration.aws_iam_role_policy_attachment.firefly_readonly_access",
            "module.firefly.module.firefly_aws_integration.aws_iam_role_policy_attachment.firefly_readonly_policy_deny_list",
            "module.firefly.module.firefly_aws_integration.aws_iam_role_policy_attachment.firefly_s3_specific_permission",
            "module.firefly.module.firefly_aws_integration.aws_iam_role_policy_attachment.firefly_security_audit",
            "module.firefly.module.firefly_aws_integration.data.aws_caller_identity.current",
            "module.firefly.module.firefly_aws_integration.terracurl_request.firefly_aws_integration_request",
            "module.firefly.module.firefly_aws_integration.time_sleep.wait_10_seconds"
          ]
        }
      ]
    },
    {
      "module": "module.firefly.module.invoke_firefly_permissions[0]",
      "mode": "managed",
      "type": "aws_iam_role",
      "name": "invoke_firefly_event_bus",
      "provider": "module.firefly.provider[\"registry.terraform.io/hashicorp/aws\"].us_east_1",
      "instances": [
        {
          "schema_version": 0,
          "attributes": {
            "arn": "arn:aws:iam::841800532843:role/invoke-firefly-remote-event-bus",
            "assume_role_policy": "{\"Statement\":[{\"Action\":\"sts:AssumeRole\",\"Effect\":\"Allow\",\"Principal\":{\"Service\":\"events.amazonaws.com\"}}],\"Version\":\"2012-10-17\"}",
            "create_date": "2023-09-04T17:30:31Z",
            "description": "",
            "force_detach_policies": false,
            "id": "invoke-firefly-remote-event-bus",
            "inline_policy": [],
            "managed_policy_arns": [],
            "max_session_duration": 3600,
            "name": "invoke-firefly-remote-event-bus",
            "name_prefix": "",
            "path": "/",
            "permissions_boundary": null,
            "tags": null,
            "tags_all": {},
            "unique_id": "AROA4H7ZYYNV5KBU6BJ2T"
          },
          "sensitive_attributes": [],
          "private": "bnVsbA==",
          "dependencies": [
            "module.firefly-auth.data.terracurl_request.firefly_login",
            "module.firefly.module.firefly_auth.data.terracurl_request.firefly_login",
            "module.firefly.module.firefly_aws_integration.aws_iam_policy.firefly_readonly_policy_deny_list",
            "module.firefly.module.firefly_aws_integration.aws_iam_policy.firefly_s3_specific_permission",
            "module.firefly.module.firefly_aws_integration.aws_iam_role.firefly_cross_account_access_role",
            "module.firefly.module.firefly_aws_integration.aws_iam_role_policy_attachment.firefly_readonly_access",
            "module.firefly.module.firefly_aws_integration.aws_iam_role_policy_attachment.firefly_readonly_policy_deny_list",
            "module.firefly.module.firefly_aws_integration.aws_iam_role_policy_attachment.firefly_s3_specific_permission",
            "module.firefly.module.firefly_aws_integration.aws_iam_role_policy_attachment.firefly_security_audit",
            "module.firefly.module.firefly_aws_integration.data.aws_caller_identity.current",
            "module.firefly.module.firefly_aws_integration.terracurl_request.firefly_aws_integration_request",
            "module.firefly.module.firefly_aws_integration.time_sleep.wait_10_seconds"
          ]
        }
      ]
    },
    {
      "module": "module.firefly.module.invoke_firefly_permissions[0]",
      "mode": "managed",
      "type": "aws_iam_role_policy_attachment",
      "name": "invoke_firefly_event_bus",
      "provider": "module.firefly.provider[\"registry.terraform.io/hashicorp/aws\"].us_east_1",
      "instances": [
        {
          "schema_version": 0,
          "attributes": {
            "id": "invoke-firefly-remote-event-bus-20230904173031643200000005",
            "policy_arn": "arn:aws:iam::841800532843:policy/invoke-firefly-remote-event-bus",
            "role": "invoke-firefly-remote-event-bus"
          },
          "sensitive_attributes": [],
          "private": "bnVsbA==",
          "dependencies": [
            "module.firefly-auth.data.terracurl_request.firefly_login",
            "module.firefly.module.firefly_auth.data.terracurl_request.firefly_login",
            "module.firefly.module.firefly_aws_integration.aws_iam_policy.firefly_readonly_policy_deny_list",
            "module.firefly.module.firefly_aws_integration.aws_iam_policy.firefly_s3_specific_permission",
            "module.firefly.module.firefly_aws_integration.aws_iam_role.firefly_cross_account_access_role",
            "module.firefly.module.firefly_aws_integration.aws_iam_role_policy_attachment.firefly_readonly_access",
            "module.firefly.module.firefly_aws_integration.aws_iam_role_policy_attachment.firefly_readonly_policy_deny_list",
            "module.firefly.module.firefly_aws_integration.aws_iam_role_policy_attachment.firefly_s3_specific_permission",
            "module.firefly.module.firefly_aws_integration.aws_iam_role_policy_attachment.firefly_security_audit",
            "module.firefly.module.firefly_aws_integration.data.aws_caller_identity.current",
            "module.firefly.module.firefly_aws_integration.terracurl_request.firefly_aws_integration_request",
            "module.firefly.module.firefly_aws_integration.time_sleep.wait_10_seconds",
            "module.firefly.module.invoke_firefly_permissions.aws_iam_policy.invoke_firefly_event_bus",
            "module.firefly.module.invoke_firefly_permissions.aws_iam_role.invoke_firefly_event_bus"
          ]
        }
      ]
    }
  ],
  "check_results": null
}
